
Microsoft Visual Studio Solution File, Format Version 12.00
# Visual Studio Version 17
VisualStudioVersion = 17.11.35219.272
MinimumVisualStudioVersion = 10.0.40219.1
Project("{FAE04EC0-301F-11D3-BF4B-00C04F79EFBC}") = "ConsoleApp4", "ConsoleApp4\ConsoleApp4.csproj", "{AB8A5186-1E7E-469D-8459-17A83B9BBAB1}"
EndProject
Global
	GlobalSection(SolutionConfigurationPlatforms) = preSolution
		Debug|Any CPU = Debug|Any CPU
		Release|Any CPU = Release|Any CPU
	EndGlobalSection
	GlobalSection(ProjectConfigurationPlatforms) = postSolution
		{AB8A5186-1E7E-469D-8459-17A83B9BBAB1}.Debug|Any CPU.ActiveCfg = Debug|Any CPU
		{AB8A5186-1E7E-469D-8459-17A83B9BBAB1}.Debug|Any CPU.Build.0 = Debug|Any CPU
		{AB8A5186-1E7E-469D-8459-17A83B9BBAB1}.Release|Any CPU.ActiveCfg = Release|Any CPU
		{AB8A5186-1E7E-469D-8459-17A83B9BBAB1}.Release|Any CPU.Build.0 = Release|Any CPU
	EndGlobalSection
	GlobalSection(SolutionProperties) = preSolution
		HideSolutionNode = FALSE
	EndGlobalSection
	GlobalSection(ExtensibilityGlobals) = postSolution
		SolutionGuid = {FF51669E-FD01-4697-B1A0-BE6F995DE929}
	EndGlobalSection
EndGlobal
